
Microsoft Visual Studio Solution File, Format Version 12.00
# Visual Studio 14
VisualStudioVersion = 14.0.25420.1
MinimumVisualStudioVersion = 10.0.40219.1
Project("{FAE04EC0-301F-11D3-BF4B-00C04F79EFBC}") = "Medisut.Api", "Medisut.Api\Medisut.Api.csproj", "{7280EE86-E0D8-4D8F-979B-A3ED6BF3262D}"
EndProject
Project("{FAE04EC0-301F-11D3-BF4B-00C04F79EFBC}") = "Medisut.Repository", "Medisut.Repository\Medisut.Repository.csproj", "{24AE2BAA-C6C8-45DB-982A-22F6736B6667}"
EndProject
Project("{FAE04EC0-301F-11D3-BF4B-00C04F79EFBC}") = "Medisut.DomainClass", "Medisut.DomainClass\Medisut.DomainClass.csproj", "{6BE25381-D1EE-4F84-B2AF-753DFF35F2E4}"
EndProject
Global
	GlobalSection(SolutionConfigurationPlatforms) = preSolution
		Debug|Any CPU = Debug|Any CPU
		Release|Any CPU = Release|Any CPU
	EndGlobalSection
	GlobalSection(ProjectConfigurationPlatforms) = postSolution
		{7280EE86-E0D8-4D8F-979B-A3ED6BF3262D}.Debug|Any CPU.ActiveCfg = Debug|Any CPU
		{7280EE86-E0D8-4D8F-979B-A3ED6BF3262D}.Debug|Any CPU.Build.0 = Debug|Any CPU
		{7280EE86-E0D8-4D8F-979B-A3ED6BF3262D}.Release|Any CPU.ActiveCfg = Release|Any CPU
		{7280EE86-E0D8-4D8F-979B-A3ED6BF3262D}.Release|Any CPU.Build.0 = Release|Any CPU
		{24AE2BAA-C6C8-45DB-982A-22F6736B6667}.Debug|Any CPU.ActiveCfg = Debug|Any CPU
		{24AE2BAA-C6C8-45DB-982A-22F6736B6667}.Debug|Any CPU.Build.0 = Debug|Any CPU
		{24AE2BAA-C6C8-45DB-982A-22F6736B6667}.Release|Any CPU.ActiveCfg = Release|Any CPU
		{24AE2BAA-C6C8-45DB-982A-22F6736B6667}.Release|Any CPU.Build.0 = Release|Any CPU
		{6BE25381-D1EE-4F84-B2AF-753DFF35F2E4}.Debug|Any CPU.ActiveCfg = Debug|Any CPU
		{6BE25381-D1EE-4F84-B2AF-753DFF35F2E4}.Debug|Any CPU.Build.0 = Debug|Any CPU
		{6BE25381-D1EE-4F84-B2AF-753DFF35F2E4}.Release|Any CPU.ActiveCfg = Release|Any CPU
		{6BE25381-D1EE-4F84-B2AF-753DFF35F2E4}.Release|Any CPU.Build.0 = Release|Any CPU
	EndGlobalSection
	GlobalSection(SolutionProperties) = preSolution
		HideSolutionNode = FALSE
	EndGlobalSection
	GlobalSection(ExtensibilityGlobals) = postSolution
		EnterpriseLibraryConfigurationToolBinariesPath = packages\Unity.2.1.505.0\lib\NET35;packages\Unity.Interception.2.1.505.0\lib\NET35;packages\EnterpriseLibrary.Common.5.0.505.0\lib\NET35;packages\EnterpriseLibrary.Data.5.0.505.0\lib\NET35
	EndGlobalSection
EndGlobal
